
Microsoft Visual Studio Solution File, Format Version 12.00
# Visual Studio Version 16
VisualStudioVersion = 16.0.31624.102
MinimumVisualStudioVersion = 10.0.40219.1
Project("{FAE04EC0-301F-11D3-BF4B-00C04F79EFBC}") = "climate", "climate.csproj", "{A5C7F448-51CD-4ADB-A471-CFB50186AFE8}"
EndProject
Global
	GlobalSection(SolutionConfigurationPlatforms) = preSolution
		Debug|Any CPU = Debug|Any CPU
		Release|Any CPU = Release|Any CPU
	EndGlobalSection
	GlobalSection(ProjectConfigurationPlatforms) = postSolution
		{A5C7F448-51CD-4ADB-A471-CFB50186AFE8}.Debug|Any CPU.ActiveCfg = Debug|Any CPU
		{A5C7F448-51CD-4ADB-A471-CFB50186AFE8}.Debug|Any CPU.Build.0 = Debug|Any CPU
		{A5C7F448-51CD-4ADB-A471-CFB50186AFE8}.Release|Any CPU.ActiveCfg = Release|Any CPU
		{A5C7F448-51CD-4ADB-A471-CFB50186AFE8}.Release|Any CPU.Build.0 = Release|Any CPU
	EndGlobalSection
	GlobalSection(SolutionProperties) = preSolution
		HideSolutionNode = FALSE
	EndGlobalSection
	GlobalSection(ExtensibilityGlobals) = postSolution
		SolutionGuid = {08617D35-CCE7-4A0E-843C-483FFFEA32C6}
	EndGlobalSection
EndGlobal
